// !$*UTF8*$!
{
	archiveVersion = 1;
	classes = {
	};
	objectVersion = 46;
	objects = {

/* Begin PBXBuildFile section */
		B727424B1AA5694300914B7C /* main.m in Sources */ = {isa = PBXBuildFile; fileRef = B727424A1AA5694300914B7C /* main.m */; };
		B727424E1AA5694300914B7C /* AppDelegate.m in Sources */ = {isa = PBXBuildFile; fileRef = B727424D1AA5694300914B7C /* AppDelegate.m */; };
		B72742511AA5694300914B7C /* ViewController.m in Sources */ = {isa = PBXBuildFile; fileRef = B72742501AA5694300914B7C /* ViewController.m */; };
		B72742541AA5694300914B7C /* Main.storyboard in Resources */ = {isa = PBXBuildFile; fileRef = B72742521AA5694300914B7C /* Main.storyboard */; };
		B72742561AA5694300914B7C /* Images.xcassets in Resources */ = {isa = PBXBuildFile; fileRef = B72742551AA5694300914B7C /* Images.xcassets */; };
		B72742591AA5694300914B7C /* LaunchScreen.xib in Resources */ = {isa = PBXBuildFile; fileRef = B72742571AA5694300914B7C /* LaunchScreen.xib */; };
		B72742651AA5694400914B7C /* ZinniaSampleTests.m in Sources */ = {isa = PBXBuildFile; fileRef = B72742641AA5694400914B7C /* ZinniaSampleTests.m */; };
		B72742771AA5695800914B7C /* ZinniaCocoaTouch.framework in Frameworks */ = {isa = PBXBuildFile; fileRef = B72742741AA5695000914B7C /* ZinniaCocoaTouch.framework */; };
		B727427A1AA56A2200914B7C /* CanvasView.m in Sources */ = {isa = PBXBuildFile; fileRef = B72742791AA56A2200914B7C /* CanvasView.m */; };
		B72742871AA5716000914B7C /* KeyboardViewController.m in Sources */ = {isa = PBXBuildFile; fileRef = B72742861AA5716000914B7C /* KeyboardViewController.m */; };
		B727428B1AA5716000914B7C /* HandwritingKeyboard.appex in Embed App Extensions */ = {isa = PBXBuildFile; fileRef = B72742811AA5716000914B7C /* HandwritingKeyboard.appex */; settings = {ATTRIBUTES = (RemoveHeadersOnCopy, ); }; };
		B72742901AA571C400914B7C /* KeyboardView.xib in Resources */ = {isa = PBXBuildFile; fileRef = B727428F1AA571C400914B7C /* KeyboardView.xib */; };
		B72742911AA5763C00914B7C /* CanvasView.m in Sources */ = {isa = PBXBuildFile; fileRef = B72742791AA56A2200914B7C /* CanvasView.m */; };
		B72742921AA5780700914B7C /* ZinniaCocoaTouch.framework in Frameworks */ = {isa = PBXBuildFile; fileRef = B72742741AA5695000914B7C /* ZinniaCocoaTouch.framework */; };
		B72742951AA5791700914B7C /* CharacterCollectionViewCell.m in Sources */ = {isa = PBXBuildFile; fileRef = B72742941AA5791700914B7C /* CharacterCollectionViewCell.m */; };
		B72742971AA57BAC00914B7C /* CharacterCell.xib in Resources */ = {isa = PBXBuildFile; fileRef = B72742961AA57BAC00914B7C /* CharacterCell.xib */; };
		B727429E1AA5840000914B7C /* ZinniaCocoaTouch.framework in CopyFiles */ = {isa = PBXBuildFile; fileRef = B72742741AA5695000914B7C /* ZinniaCocoaTouch.framework */; settings = {ATTRIBUTES = (CodeSignOnCopy, RemoveHeadersOnCopy, ); }; };
		B72742AB1AA5CF1E00914B7C /* top500Words.txt in Resources */ = {isa = PBXBuildFile; fileRef = B72742AA1AA5CF1E00914B7C /* top500Words.txt */; };
		B767780F1AA5F0F600B03E99 /* kanjiDict.txt in Resources */ = {isa = PBXBuildFile; fileRef = B767780E1AA5F0F600B03E99 /* kanjiDict.txt */; };
		B77DABC91AA5DD7F0022E475 /* ZinniaCocoaTouch.framework in CopyFiles */ = {isa = PBXBuildFile; fileRef = B72742741AA5695000914B7C /* ZinniaCocoaTouch.framework */; settings = {ATTRIBUTES = (CodeSignOnCopy, RemoveHeadersOnCopy, ); }; };
		B7BA682A1AA6D92E00C79273 /* WordsTableViewController.m in Sources */ = {isa = PBXBuildFile; fileRef = B7BA68291AA6D92E00C79273 /* WordsTableViewController.m */; };
		B7BA68301AA6E77900C79273 /* wordsDict.txt in Resources */ = {isa = PBXBuildFile; fileRef = B7BA682F1AA6E77900C79273 /* wordsDict.txt */; };
/* End PBXBuildFile section */

/* Begin PBXContainerItemProxy section */
		B727425F1AA5694400914B7C /* PBXContainerItemProxy */ = {
			isa = PBXContainerItemProxy;
			containerPortal = B727423D1AA5694300914B7C /* Project object */;
			proxyType = 1;
			remoteGlobalIDString = B72742441AA5694300914B7C;
			remoteInfo = ZinniaSample;
		};
		B72742731AA5695000914B7C /* PBXContainerItemProxy */ = {
			isa = PBXContainerItemProxy;
			containerPortal = B727426E1AA5695000914B7C /* ZinniaCocoaTouch.xcodeproj */;
			proxyType = 2;
			remoteGlobalIDString = B72741D41AA5643900914B7C;
			remoteInfo = ZinniaCocoaTouch;
		};
		B72742751AA5695000914B7C /* PBXContainerItemProxy */ = {
			isa = PBXContainerItemProxy;
			containerPortal = B727426E1AA5695000914B7C /* ZinniaCocoaTouch.xcodeproj */;
			proxyType = 2;
			remoteGlobalIDString = B72741DF1AA5643900914B7C;
			remoteInfo = ZinniaCocoaTouchTests;
		};
		B72742881AA5716000914B7C /* PBXContainerItemProxy */ = {
			isa = PBXContainerItemProxy;
			containerPortal = B727423D1AA5694300914B7C /* Project object */;
			proxyType = 1;
			remoteGlobalIDString = B72742801AA5716000914B7C;
			remoteInfo = HandwritingKeyboard;
		};
		B727429C1AA583F900914B7C /* PBXContainerItemProxy */ = {
			isa = PBXContainerItemProxy;
			containerPortal = B727426E1AA5695000914B7C /* ZinniaCocoaTouch.xcodeproj */;
			proxyType = 1;
			remoteGlobalIDString = B72741D31AA5643900914B7C;
			remoteInfo = ZinniaCocoaTouch;
		};
/* End PBXContainerItemProxy section */

/* Begin PBXCopyFilesBuildPhase section */
		B727428A1AA5716000914B7C /* Embed App Extensions */ = {
			isa = PBXCopyFilesBuildPhase;
			buildActionMask = 2147483647;
			dstPath = "";
			dstSubfolderSpec = 13;
			files = (
				B727428B1AA5716000914B7C /* HandwritingKeyboard.appex in Embed App Extensions */,
			);
			name = "Embed App Extensions";
			runOnlyForDeploymentPostprocessing = 0;
		};
		B727429B1AA583D600914B7C /* CopyFiles */ = {
			isa = PBXCopyFilesBuildPhase;
			buildActionMask = 2147483647;
			dstPath = "";
			dstSubfolderSpec = 10;
			files = (
				B727429E1AA5840000914B7C /* ZinniaCocoaTouch.framework in CopyFiles */,
			);
			runOnlyForDeploymentPostprocessing = 0;
		};
		B77DABC81AA5DD740022E475 /* CopyFiles */ = {
			isa = PBXCopyFilesBuildPhase;
			buildActionMask = 2147483647;
			dstPath = "";
			dstSubfolderSpec = 10;
			files = (
				B77DABC91AA5DD7F0022E475 /* ZinniaCocoaTouch.framework in CopyFiles */,
			);
			runOnlyForDeploymentPostprocessing = 0;
		};
/* End PBXCopyFilesBuildPhase section */

/* Begin PBXFileReference section */
		B72742451AA5694300914B7C /* ZinniaSample.app */ = {isa = PBXFileReference; explicitFileType = wrapper.application; includeInIndex = 0; path = ZinniaSample.app; sourceTree = BUILT_PRODUCTS_DIR; };
		B72742491AA5694300914B7C /* Info.plist */ = {isa = PBXFileReference; lastKnownFileType = text.plist.xml; path = Info.plist; sourceTree = "<group>"; };
		B727424A1AA5694300914B7C /* main.m */ = {isa = PBXFileReference; lastKnownFileType = sourcecode.c.objc; path = main.m; sourceTree = "<group>"; };
		B727424C1AA5694300914B7C /* AppDelegate.h */ = {isa = PBXFileReference; lastKnownFileType = sourcecode.c.h; path = AppDelegate.h; sourceTree = "<group>"; };
		B727424D1AA5694300914B7C /* AppDelegate.m */ = {isa = PBXFileReference; lastKnownFileType = sourcecode.c.objc; path = AppDelegate.m; sourceTree = "<group>"; };
		B727424F1AA5694300914B7C /* ViewController.h */ = {isa = PBXFileReference; lastKnownFileType = sourcecode.c.h; path = ViewController.h; sourceTree = "<group>"; };
		B72742501AA5694300914B7C /* ViewController.m */ = {isa = PBXFileReference; lastKnownFileType = sourcecode.c.objc; path = ViewController.m; sourceTree = "<group>"; };
		B72742531AA5694300914B7C /* Base */ = {isa = PBXFileReference; lastKnownFileType = file.storyboard; name = Base; path = Base.lproj/Main.storyboard; sourceTree = "<group>"; };
		B72742551AA5694300914B7C /* Images.xcassets */ = {isa = PBXFileReference; lastKnownFileType = folder.assetcatalog; path = Images.xcassets; sourceTree = "<group>"; };
		B72742581AA5694300914B7C /* Base */ = {isa = PBXFileReference; lastKnownFileType = file.xib; name = Base; path = Base.lproj/LaunchScreen.xib; sourceTree = "<group>"; };
		B727425E1AA5694400914B7C /* ZinniaSampleTests.xctest */ = {isa = PBXFileReference; explicitFileType = wrapper.cfbundle; includeInIndex = 0; path = ZinniaSampleTests.xctest; sourceTree = BUILT_PRODUCTS_DIR; };
		B72742631AA5694400914B7C /* Info.plist */ = {isa = PBXFileReference; lastKnownFileType = text.plist.xml; path = Info.plist; sourceTree = "<group>"; };
		B72742641AA5694400914B7C /* ZinniaSampleTests.m */ = {isa = PBXFileReference; lastKnownFileType = sourcecode.c.objc; path = ZinniaSampleTests.m; sourceTree = "<group>"; };
		B727426E1AA5695000914B7C /* ZinniaCocoaTouch.xcodeproj */ = {isa = PBXFileReference; lastKnownFileType = "wrapper.pb-project"; name = ZinniaCocoaTouch.xcodeproj; path = ../../ZinniaCocoaTouch/ZinniaCocoaTouch.xcodeproj; sourceTree = "<group>"; };
		B72742781AA56A2200914B7C /* CanvasView.h */ = {isa = PBXFileReference; fileEncoding = 4; lastKnownFileType = sourcecode.c.h; path = CanvasView.h; sourceTree = "<group>"; };
		B72742791AA56A2200914B7C /* CanvasView.m */ = {isa = PBXFileReference; fileEncoding = 4; lastKnownFileType = sourcecode.c.objc; path = CanvasView.m; sourceTree = "<group>"; };
		B72742811AA5716000914B7C /* HandwritingKeyboard.appex */ = {isa = PBXFileReference; explicitFileType = "wrapper.app-extension"; includeInIndex = 0; path = HandwritingKeyboard.appex; sourceTree = BUILT_PRODUCTS_DIR; };
		B72742841AA5716000914B7C /* Info.plist */ = {isa = PBXFileReference; lastKnownFileType = text.plist.xml; path = Info.plist; sourceTree = "<group>"; };
		B72742851AA5716000914B7C /* KeyboardViewController.h */ = {isa = PBXFileReference; lastKnownFileType = sourcecode.c.h; path = KeyboardViewController.h; sourceTree = "<group>"; };
		B72742861AA5716000914B7C /* KeyboardViewController.m */ = {isa = PBXFileReference; lastKnownFileType = sourcecode.c.objc; path = KeyboardViewController.m; sourceTree = "<group>"; };
		B727428F1AA571C400914B7C /* KeyboardView.xib */ = {isa = PBXFileReference; fileEncoding = 4; lastKnownFileType = file.xib; path = KeyboardView.xib; sourceTree = "<group>"; };
		B72742931AA5791700914B7C /* CharacterCollectionViewCell.h */ = {isa = PBXFileReference; fileEncoding = 4; lastKnownFileType = sourcecode.c.h; path = CharacterCollectionViewCell.h; sourceTree = "<group>"; };
		B72742941AA5791700914B7C /* CharacterCollectionViewCell.m */ = {isa = PBXFileReference; fileEncoding = 4; lastKnownFileType = sourcecode.c.objc; path = CharacterCollectionViewCell.m; sourceTree = "<group>"; };
		B72742961AA57BAC00914B7C /* CharacterCell.xib */ = {isa = PBXFileReference; fileEncoding = 4; lastKnownFileType = file.xib; path = CharacterCell.xib; sourceTree = "<group>"; };
		B72742AA1AA5CF1E00914B7C /* top500Words.txt */ = {isa = PBXFileReference; fileEncoding = 4; lastKnownFileType = text; path = top500Words.txt; sourceTree = "<group>"; };
		B767780E1AA5F0F600B03E99 /* kanjiDict.txt */ = {isa = PBXFileReference; fileEncoding = 4; lastKnownFileType = text; path = kanjiDict.txt; sourceTree = "<group>"; };
		B7BA68281AA6D92E00C79273 /* WordsTableViewController.h */ = {isa = PBXFileReference; fileEncoding = 4; lastKnownFileType = sourcecode.c.h; path = WordsTableViewController.h; sourceTree = "<group>"; };
		B7BA68291AA6D92E00C79273 /* WordsTableViewController.m */ = {isa = PBXFileReference; fileEncoding = 4; lastKnownFileType = sourcecode.c.objc; path = WordsTableViewController.m; sourceTree = "<group>"; };
		B7BA682F1AA6E77900C79273 /* wordsDict.txt */ = {isa = PBXFileReference; fileEncoding = 4; lastKnownFileType = text; path = wordsDict.txt; sourceTree = "<group>"; };
/* End PBXFileReference section */

/* Begin PBXFrameworksBuildPhase section */
		B72742421AA5694300914B7C /* Frameworks */ = {
			isa = PBXFrameworksBuildPhase;
			buildActionMask = 2147483647;
			files = (
				B72742771AA5695800914B7C /* ZinniaCocoaTouch.framework in Frameworks */,
			);
			runOnlyForDeploymentPostprocessing = 0;
		};
		B727425B1AA5694400914B7C /* Frameworks */ = {
			isa = PBXFrameworksBuildPhase;
			buildActionMask = 2147483647;
			files = (
			);
			runOnlyForDeploymentPostprocessing = 0;
		};
		B727427E1AA5716000914B7C /* Frameworks */ = {
			isa = PBXFrameworksBuildPhase;
			buildActionMask = 2147483647;
			files = (
				B72742921AA5780700914B7C /* ZinniaCocoaTouch.framework in Frameworks */,
			);
			runOnlyForDeploymentPostprocessing = 0;
		};
/* End PBXFrameworksBuildPhase section */

/* Begin PBXGroup section */
		B727423C1AA5694300914B7C = {
			isa = PBXGroup;
			children = (
				B72742471AA5694300914B7C /* ZinniaSample */,
				B72742611AA5694400914B7C /* ZinniaSampleTests */,
				B72742821AA5716000914B7C /* HandwritingKeyboard */,
				B72742461AA5694300914B7C /* Products */,
			);
			sourceTree = "<group>";
		};
		B72742461AA5694300914B7C /* Products */ = {
			isa = PBXGroup;
			children = (
				B72742451AA5694300914B7C /* ZinniaSample.app */,
				B727425E1AA5694400914B7C /* ZinniaSampleTests.xctest */,
				B72742811AA5716000914B7C /* HandwritingKeyboard.appex */,
			);
			name = Products;
			sourceTree = "<group>";
		};
		B72742471AA5694300914B7C /* ZinniaSample */ = {
			isa = PBXGroup;
			children = (
				B727424C1AA5694300914B7C /* AppDelegate.h */,
				B727424D1AA5694300914B7C /* AppDelegate.m */,
				B727424F1AA5694300914B7C /* ViewController.h */,
				B72742501AA5694300914B7C /* ViewController.m */,
				B72742781AA56A2200914B7C /* CanvasView.h */,
				B72742791AA56A2200914B7C /* CanvasView.m */,
				B72742521AA5694300914B7C /* Main.storyboard */,
				B7BA68281AA6D92E00C79273 /* WordsTableViewController.h */,
				B7BA68291AA6D92E00C79273 /* WordsTableViewController.m */,
				B72742551AA5694300914B7C /* Images.xcassets */,
				B72742571AA5694300914B7C /* LaunchScreen.xib */,
				B72742481AA5694300914B7C /* Supporting Files */,
			);
			path = ZinniaSample;
			sourceTree = "<group>";
		};
		B72742481AA5694300914B7C /* Supporting Files */ = {
			isa = PBXGroup;
			children = (
				B7BA682F1AA6E77900C79273 /* wordsDict.txt */,
				B767780E1AA5F0F600B03E99 /* kanjiDict.txt */,
				B727426E1AA5695000914B7C /* ZinniaCocoaTouch.xcodeproj */,
				B72742491AA5694300914B7C /* Info.plist */,
				B727424A1AA5694300914B7C /* main.m */,
			);
			name = "Supporting Files";
			sourceTree = "<group>";
		};
		B72742611AA5694400914B7C /* ZinniaSampleTests */ = {
			isa = PBXGroup;
			children = (
				B72742641AA5694400914B7C /* ZinniaSampleTests.m */,
				B72742621AA5694400914B7C /* Supporting Files */,
			);
			path = ZinniaSampleTests;
			sourceTree = "<group>";
		};
		B72742621AA5694400914B7C /* Supporting Files */ = {
			isa = PBXGroup;
			children = (
				B72742631AA5694400914B7C /* Info.plist */,
			);
			name = "Supporting Files";
			sourceTree = "<group>";
		};
		B727426F1AA5695000914B7C /* Products */ = {
			isa = PBXGroup;
			children = (
				B72742741AA5695000914B7C /* ZinniaCocoaTouch.framework */,
				B72742761AA5695000914B7C /* ZinniaCocoaTouchTests.xctest */,
			);
			name = Products;
			sourceTree = "<group>";
		};
		B72742821AA5716000914B7C /* HandwritingKeyboard */ = {
			isa = PBXGroup;
			children = (
				B72742AA1AA5CF1E00914B7C /* top500Words.txt */,
				B72742851AA5716000914B7C /* KeyboardViewController.h */,
				B72742861AA5716000914B7C /* KeyboardViewController.m */,
				B72742831AA5716000914B7C /* Supporting Files */,
				B727428F1AA571C400914B7C /* KeyboardView.xib */,
				B72742961AA57BAC00914B7C /* CharacterCell.xib */,
				B72742931AA5791700914B7C /* CharacterCollectionViewCell.h */,
				B72742941AA5791700914B7C /* CharacterCollectionViewCell.m */,
			);
			path = HandwritingKeyboard;
			sourceTree = "<group>";
		};
		B72742831AA5716000914B7C /* Supporting Files */ = {
			isa = PBXGroup;
			children = (
				B72742841AA5716000914B7C /* Info.plist */,
			);
			name = "Supporting Files";
			sourceTree = "<group>";
		};
/* End PBXGroup section */

/* Begin PBXNativeTarget section */
		B72742441AA5694300914B7C /* ZinniaSample */ = {
			isa = PBXNativeTarget;
			buildConfigurationList = B72742681AA5694400914B7C /* Build configuration list for PBXNativeTarget "ZinniaSample" */;
			buildPhases = (
				B72742411AA5694300914B7C /* Sources */,
				B72742421AA5694300914B7C /* Frameworks */,
				B72742431AA5694300914B7C /* Resources */,
				B727428A1AA5716000914B7C /* Embed App Extensions */,
				B77DABC81AA5DD740022E475 /* CopyFiles */,
			);
			buildRules = (
			);
			dependencies = (
				B72742891AA5716000914B7C /* PBXTargetDependency */,
			);
			name = ZinniaSample;
			productName = ZinniaSample;
			productReference = B72742451AA5694300914B7C /* ZinniaSample.app */;
			productType = "com.apple.product-type.application";
		};
		B727425D1AA5694400914B7C /* ZinniaSampleTests */ = {
			isa = PBXNativeTarget;
			buildConfigurationList = B727426B1AA5694400914B7C /* Build configuration list for PBXNativeTarget "ZinniaSampleTests" */;
			buildPhases = (
				B727425A1AA5694400914B7C /* Sources */,
				B727425B1AA5694400914B7C /* Frameworks */,
				B727425C1AA5694400914B7C /* Resources */,
			);
			buildRules = (
			);
			dependencies = (
				B72742601AA5694400914B7C /* PBXTargetDependency */,
			);
			name = ZinniaSampleTests;
			productName = ZinniaSampleTests;
			productReference = B727425E1AA5694400914B7C /* ZinniaSampleTests.xctest */;
			productType = "com.apple.product-type.bundle.unit-test";
		};
		B72742801AA5716000914B7C /* HandwritingKeyboard */ = {
			isa = PBXNativeTarget;
			buildConfigurationList = B727428C1AA5716000914B7C /* Build configuration list for PBXNativeTarget "HandwritingKeyboard" */;
			buildPhases = (
				B727427D1AA5716000914B7C /* Sources */,
				B727427E1AA5716000914B7C /* Frameworks */,
				B727427F1AA5716000914B7C /* Resources */,
				B727429B1AA583D600914B7C /* CopyFiles */,
			);
			buildRules = (
			);
			dependencies = (
				B727429D1AA583F900914B7C /* PBXTargetDependency */,
			);
			name = HandwritingKeyboard;
			productName = HandwritingKeyboard;
			productReference = B72742811AA5716000914B7C /* HandwritingKeyboard.appex */;
			productType = "com.apple.product-type.app-extension";
		};
/* End PBXNativeTarget section */

/* Begin PBXProject section */
		B727423D1AA5694300914B7C /* Project object */ = {
			isa = PBXProject;
			attributes = {
				LastUpgradeCheck = 0620;
				ORGANIZATIONNAME = "Morten Bertz";
				TargetAttributes = {
					B72742441AA5694300914B7C = {
						CreatedOnToolsVersion = 6.2;
					};
					B727425D1AA5694400914B7C = {
						CreatedOnToolsVersion = 6.2;
						TestTargetID = B72742441AA5694300914B7C;
					};
					B72742801AA5716000914B7C = {
						CreatedOnToolsVersion = 6.2;
					};
				};
			};
			buildConfigurationList = B72742401AA5694300914B7C /* Build configuration list for PBXProject "ZinniaSample" */;
			compatibilityVersion = "Xcode 3.2";
			developmentRegion = English;
			hasScannedForEncodings = 0;
			knownRegions = (
				en,
				Base,
			);
			mainGroup = B727423C1AA5694300914B7C;
			productRefGroup = B72742461AA5694300914B7C /* Products */;
			projectDirPath = "";
			projectReferences = (
				{
					ProductGroup = B727426F1AA5695000914B7C /* Products */;
					ProjectRef = B727426E1AA5695000914B7C /* ZinniaCocoaTouch.xcodeproj */;
				},
			);
			projectRoot = "";
			targets = (
				B72742441AA5694300914B7C /* ZinniaSample */,
				B727425D1AA5694400914B7C /* ZinniaSampleTests */,
				B72742801AA5716000914B7C /* HandwritingKeyboard */,
			);
		};
/* End PBXProject section */

/* Begin PBXReferenceProxy section */
		B72742741AA5695000914B7C /* ZinniaCocoaTouch.framework */ = {
			isa = PBXReferenceProxy;
			fileType = wrapper.framework;
			path = ZinniaCocoaTouch.framework;
			remoteRef = B72742731AA5695000914B7C /* PBXContainerItemProxy */;
			sourceTree = BUILT_PRODUCTS_DIR;
		};
		B72742761AA5695000914B7C /* ZinniaCocoaTouchTests.xctest */ = {
			isa = PBXReferenceProxy;
			fileType = wrapper.cfbundle;
			path = ZinniaCocoaTouchTests.xctest;
			remoteRef = B72742751AA5695000914B7C /* PBXContainerItemProxy */;
			sourceTree = BUILT_PRODUCTS_DIR;
		};
/* End PBXReferenceProxy section */

/* Begin PBXResourcesBuildPhase section */
		B72742431AA5694300914B7C /* Resources */ = {
			isa = PBXResourcesBuildPhase;
			buildActionMask = 2147483647;
			files = (
				B767780F1AA5F0F600B03E99 /* kanjiDict.txt in Resources */,
				B72742541AA5694300914B7C /* Main.storyboard in Resources */,
				B72742591AA5694300914B7C /* LaunchScreen.xib in Resources */,
				B7BA68301AA6E77900C79273 /* wordsDict.txt in Resources */,
				B72742561AA5694300914B7C /* Images.xcassets in Resources */,
			);
			runOnlyForDeploymentPostprocessing = 0;
		};
		B727425C1AA5694400914B7C /* Resources */ = {
			isa = PBXResourcesBuildPhase;
			buildActionMask = 2147483647;
			files = (
			);
			runOnlyForDeploymentPostprocessing = 0;
		};
		B727427F1AA5716000914B7C /* Resources */ = {
			isa = PBXResourcesBuildPhase;
			buildActionMask = 2147483647;
			files = (
				B72742AB1AA5CF1E00914B7C /* top500Words.txt in Resources */,
				B72742901AA571C400914B7C /* KeyboardView.xib in Resources */,
				B72742971AA57BAC00914B7C /* CharacterCell.xib in Resources */,
			);
			runOnlyForDeploymentPostprocessing = 0;
		};
/* End PBXResourcesBuildPhase section */

/* Begin PBXSourcesBuildPhase section */
		B72742411AA5694300914B7C /* Sources */ = {
			isa = PBXSourcesBuildPhase;
			buildActionMask = 2147483647;
			files = (
				B72742511AA5694300914B7C /* ViewController.m in Sources */,
				B727424E1AA5694300914B7C /* AppDelegate.m in Sources */,
				B727427A1AA56A2200914B7C /* CanvasView.m in Sources */,
				B727424B1AA5694300914B7C /* main.m in Sources */,
				B7BA682A1AA6D92E00C79273 /* WordsTableViewController.m in Sources */,
			);
			runOnlyForDeploymentPostprocessing = 0;
		};
		B727425A1AA5694400914B7C /* Sources */ = {
			isa = PBXSourcesBuildPhase;
			buildActionMask = 2147483647;
			files = (
				B72742651AA5694400914B7C /* ZinniaSampleTests.m in Sources */,
			);
			runOnlyForDeploymentPostprocessing = 0;
		};
		B727427D1AA5716000914B7C /* Sources */ = {
			isa = PBXSourcesBuildPhase;
			buildActionMask = 2147483647;
			files = (
				B72742951AA5791700914B7C /* CharacterCollectionViewCell.m in Sources */,
				B72742911AA5763C00914B7C /* CanvasView.m in Sources */,
				B72742871AA5716000914B7C /* KeyboardViewController.m in Sources */,
			);
			runOnlyForDeploymentPostprocessing = 0;
		};
/* End PBXSourcesBuildPhase section */

/* Begin PBXTargetDependency section */
		B72742601AA5694400914B7C /* PBXTargetDependency */ = {
			isa = PBXTargetDependency;
			target = B72742441AA5694300914B7C /* ZinniaSample */;
			targetProxy = B727425F1AA5694400914B7C /* PBXContainerItemProxy */;
		};
		B72742891AA5716000914B7C /* PBXTargetDependency */ = {
			isa = PBXTargetDependency;
			target = B72742801AA5716000914B7C /* HandwritingKeyboard */;
			targetProxy = B72742881AA5716000914B7C /* PBXContainerItemProxy */;
		};
		B727429D1AA583F900914B7C /* PBXTargetDependency */ = {
			isa = PBXTargetDependency;
			name = ZinniaCocoaTouch;
			targetProxy = B727429C1AA583F900914B7C /* PBXContainerItemProxy */;
		};
/* End PBXTargetDependency section */

/* Begin PBXVariantGroup section */
		B72742521AA5694300914B7C /* Main.storyboard */ = {
			isa = PBXVariantGroup;
			children = (
				B72742531AA5694300914B7C /* Base */,
			);
			name = Main.storyboard;
			sourceTree = "<group>";
		};
		B72742571AA5694300914B7C /* LaunchScreen.xib */ = {
			isa = PBXVariantGroup;
			children = (
				B72742581AA5694300914B7C /* Base */,
			);
			name = LaunchScreen.xib;
			sourceTree = "<group>";
		};
/* End PBXVariantGroup section */

/* Begin XCBuildConfiguration section */
		B72742661AA5694400914B7C /* Debug */ = {
			isa = XCBuildConfiguration;
			buildSettings = {
				ALWAYS_SEARCH_USER_PATHS = NO;
				CLANG_CXX_LANGUAGE_STANDARD = "gnu++0x";
				CLANG_CXX_LIBRARY = "libc++";
				CLANG_ENABLE_MODULES = YES;
				CLANG_ENABLE_OBJC_ARC = YES;
				CLANG_WARN_BOOL_CONVERSION = YES;
				CLANG_WARN_CONSTANT_CONVERSION = YES;
				CLANG_WARN_DIRECT_OBJC_ISA_USAGE = YES_ERROR;
				CLANG_WARN_EMPTY_BODY = YES;
				CLANG_WARN_ENUM_CONVERSION = YES;
				CLANG_WARN_INT_CONVERSION = YES;
				CLANG_WARN_OBJC_ROOT_CLASS = YES_ERROR;
				CLANG_WARN_UNREACHABLE_CODE = YES;
				CLANG_WARN__DUPLICATE_METHOD_MATCH = YES;
				"CODE_SIGN_IDENTITY[sdk=iphoneos*]" = "iPhone Developer";
				COPY_PHASE_STRIP = NO;
				ENABLE_STRICT_OBJC_MSGSEND = YES;
				GCC_C_LANGUAGE_STANDARD = gnu99;
				GCC_DYNAMIC_NO_PIC = NO;
				GCC_OPTIMIZATION_LEVEL = 0;
				GCC_PREPROCESSOR_DEFINITIONS = (
					"DEBUG=1",
					"$(inherited)",
				);
				GCC_SYMBOLS_PRIVATE_EXTERN = NO;
				GCC_WARN_64_TO_32_BIT_CONVERSION = YES;
				GCC_WARN_ABOUT_RETURN_TYPE = YES_ERROR;
				GCC_WARN_UNDECLARED_SELECTOR = YES;
				GCC_WARN_UNINITIALIZED_AUTOS = YES_AGGRESSIVE;
				GCC_WARN_UNUSED_FUNCTION = YES;
				GCC_WARN_UNUSED_VARIABLE = YES;
				IPHONEOS_DEPLOYMENT_TARGET = 8.1;
				MTL_ENABLE_DEBUG_INFO = YES;
				ONLY_ACTIVE_ARCH = YES;
				SDKROOT = iphoneos;
				TARGETED_DEVICE_FAMILY = "1,2";
			};
			name = Debug;
		};
		B72742671AA5694400914B7C /* Release */ = {
			isa = XCBuildConfiguration;
			buildSettings = {
				ALWAYS_SEARCH_USER_PATHS = NO;
				CLANG_CXX_LANGUAGE_STANDARD = "gnu++0x";
				CLANG_CXX_LIBRARY = "libc++";
				CLANG_ENABLE_MODULES = YES;
				CLANG_ENABLE_OBJC_ARC = YES;
				CLANG_WARN_BOOL_CONVERSION = YES;
				CLANG_WARN_CONSTANT_CONVERSION = YES;
				CLANG_WARN_DIRECT_OBJC_ISA_USAGE = YES_ERROR;
				CLANG_WARN_EMPTY_BODY = YES;
				CLANG_WARN_ENUM_CONVERSION = YES;
				CLANG_WARN_INT_CONVERSION = YES;
				CLANG_WARN_OBJC_ROOT_CLASS = YES_ERROR;
				CLANG_WARN_UNREACHABLE_CODE = YES;
				CLANG_WARN__DUPLICATE_METHOD_MATCH = YES;
				"CODE_SIGN_IDENTITY[sdk=iphoneos*]" = "iPhone Developer";
				COPY_PHASE_STRIP = NO;
				ENABLE_NS_ASSERTIONS = NO;
				ENABLE_STRICT_OBJC_MSGSEND = YES;
				GCC_C_LANGUAGE_STANDARD = gnu99;
				GCC_WARN_64_TO_32_BIT_CONVERSION = YES;
				GCC_WARN_ABOUT_RETURN_TYPE = YES_ERROR;
				GCC_WARN_UNDECLARED_SELECTOR = YES;
				GCC_WARN_UNINITIALIZED_AUTOS = YES_AGGRESSIVE;
				GCC_WARN_UNUSED_FUNCTION = YES;
				GCC_WARN_UNUSED_VARIABLE = YES;
				IPHONEOS_DEPLOYMENT_TARGET = 8.1;
				MTL_ENABLE_DEBUG_INFO = NO;
				SDKROOT = iphoneos;
				TARGETED_DEVICE_FAMILY = "1,2";
				VALIDATE_PRODUCT = YES;
			};
			name = Release;
		};
		B72742691AA5694400914B7C /* Debug */ = {
			isa = XCBuildConfiguration;
			buildSettings = {
				ASSETCATALOG_COMPILER_APPICON_NAME = AppIcon;
				INFOPLIST_FILE = ZinniaSample/Info.plist;
				LD_RUNPATH_SEARCH_PATHS = "$(inherited) @executable_path/Frameworks";
				PRODUCT_NAME = "$(TARGET_NAME)";
			};
			name = Debug;
		};
		B727426A1AA5694400914B7C /* Release */ = {
			isa = XCBuildConfiguration;
			buildSettings = {
				ASSETCATALOG_COMPILER_APPICON_NAME = AppIcon;
				INFOPLIST_FILE = ZinniaSample/Info.plist;
				LD_RUNPATH_SEARCH_PATHS = "$(inherited) @executable_path/Frameworks";
				PRODUCT_NAME = "$(TARGET_NAME)";
			};
			name = Release;
		};
		B727426C1AA5694400914B7C /* Debug */ = {
			isa = XCBuildConfiguration;
			buildSettings = {
				BUNDLE_LOADER = "$(TEST_HOST)";
				FRAMEWORK_SEARCH_PATHS = (
					"$(SDKROOT)/Developer/Library/Frameworks",
					"$(inherited)",
				);
				GCC_PREPROCESSOR_DEFINITIONS = (
					"DEBUG=1",
					"$(inherited)",
				);
				INFOPLIST_FILE = ZinniaSampleTests/Info.plist;
				LD_RUNPATH_SEARCH_PATHS = "$(inherited) @executable_path/Frameworks @loader_path/Frameworks";
				PRODUCT_NAME = "$(TARGET_NAME)";
				TEST_HOST = "$(BUILT_PRODUCTS_DIR)/ZinniaSample.app/ZinniaSample";
			};
			name = Debug;
		};
		B727426D1AA5694400914B7C /* Release */ = {
			isa = XCBuildConfiguration;
			buildSettings = {
				BUNDLE_LOADER = "$(TEST_HOST)";
				FRAMEWORK_SEARCH_PATHS = (
					"$(SDKROOT)/Developer/Library/Frameworks",
					"$(inherited)",
				);
				INFOPLIST_FILE = ZinniaSampleTests/Info.plist;
				LD_RUNPATH_SEARCH_PATHS = "$(inherited) @executable_path/Frameworks @loader_path/Frameworks";
				PRODUCT_NAME = "$(TARGET_NAME)";
				TEST_HOST = "$(BUILT_PRODUCTS_DIR)/ZinniaSample.app/ZinniaSample";
			};
			name = Release;
		};
		B727428D1AA5716000914B7C /* Debug */ = {
			isa = XCBuildConfiguration;
			buildSettings = {
				GCC_PREPROCESSOR_DEFINITIONS = (
					"DEBUG=1",
					"$(inherited)",
				);
				INFOPLIST_FILE = HandwritingKeyboard/Info.plist;
				LD_RUNPATH_SEARCH_PATHS = "$(inherited) @executable_path/Frameworks @executable_path/../../Frameworks";
				PRODUCT_NAME = "$(TARGET_NAME)";
				SKIP_INSTALL = YES;
			};
			name = Debug;
		};
		B727428E1AA5716000914B7C /* Release */ = {
			isa = XCBuildConfiguration;
			buildSettings = {
				INFOPLIST_FILE = HandwritingKeyboard/Info.plist;
				LD_RUNPATH_SEARCH_PATHS = "$(inherited) @executable_path/Frameworks @executable_path/../../Frameworks";
				PRODUCT_NAME = "$(TARGET_NAME)";
				SKIP_INSTALL = YES;
			};
			name = Release;
		};
/* End XCBuildConfiguration section */

/* Begin XCConfigurationList section */
		B72742401AA5694300914B7C /* Build configuration list for PBXProject "ZinniaSample" */ = {
			isa = XCConfigurationList;
			buildConfigurations = (
				B72742661AA5694400914B7C /* Debug */,
				B72742671AA5694400914B7C /* Release */,
			);
			defaultConfigurationIsVisible = 0;
			defaultConfigurationName = Release;
		};
		B72742681AA5694400914B7C /* Build configuration list for PBXNativeTarget "ZinniaSample" */ = {
			isa = XCConfigurationList;
			buildConfigurations = (
				B72742691AA5694400914B7C /* Debug */,
				B727426A1AA5694400914B7C /* Release */,
			);
			defaultConfigurationIsVisible = 0;
			defaultConfigurationName = Release;
		};
		B727426B1AA5694400914B7C /* Build configuration list for PBXNativeTarget "ZinniaSampleTests" */ = {
			isa = XCConfigurationList;
			buildConfigurations = (
				B727426C1AA5694400914B7C /* Debug */,
				B727426D1AA5694400914B7C /* Release */,
			);
			defaultConfigurationIsVisible = 0;
			defaultConfigurationName = Release;
		};
		B727428C1AA5716000914B7C /* Build configuration list for PBXNativeTarget "HandwritingKeyboard" */ = {
			isa = XCConfigurationList;
			buildConfigurations = (
				B727428D1AA5716000914B7C /* Debug */,
				B727428E1AA5716000914B7C /* Release */,
			);
			defaultConfigurationIsVisible = 0;
			defaultConfigurationName = Release;
		};
/* End XCConfigurationList section */
	};
	rootObject = B727423D1AA5694300914B7C /* Project object */;
}
