// !$*UTF8*$!
{
	archiveVersion = 1;
	classes = {
	};
	objectVersion = 46;
	objects = {

/* Begin PBXBuildFile section */
		B725888E1AA97ECD00BD42F7 /* InfoPlist.strings in Resources */ = {isa = PBXBuildFile; fileRef = B72588901AA97ECD00BD42F7 /* InfoPlist.strings */; };
		B72588931AA97ECD00BD42F7 /* Localizable.strings in Resources */ = {isa = PBXBuildFile; fileRef = B72588951AA97ECD00BD42F7 /* Localizable.strings */; };
		B72588981AA97ECD00BD42F7 /* InfoPlist.strings in Resources */ = {isa = PBXBuildFile; fileRef = B725889A1AA97ECD00BD42F7 /* InfoPlist.strings */; };
		B725889D1AA97ECE00BD42F7 /* InfoPlist.strings in Resources */ = {isa = PBXBuildFile; fileRef = B725889F1AA97ECE00BD42F7 /* InfoPlist.strings */; };
		B727424B1AA5694300914B7C /* main.m in Sources */ = {isa = PBXBuildFile; fileRef = B727424A1AA5694300914B7C /* main.m */; };
		B727424E1AA5694300914B7C /* AppDelegate.m in Sources */ = {isa = PBXBuildFile; fileRef = B727424D1AA5694300914B7C /* AppDelegate.m */; };
		B72742511AA5694300914B7C /* ViewController.m in Sources */ = {isa = PBXBuildFile; fileRef = B72742501AA5694300914B7C /* ViewController.m */; };
		B72742541AA5694300914B7C /* Main.storyboard in Resources */ = {isa = PBXBuildFile; fileRef = B72742521AA5694300914B7C /* Main.storyboard */; };
		B72742561AA5694300914B7C /* Images.xcassets in Resources */ = {isa = PBXBuildFile; fileRef = B72742551AA5694300914B7C /* Images.xcassets */; };
		B72742591AA5694300914B7C /* LaunchScreen.xib in Resources */ = {isa = PBXBuildFile; fileRef = B72742571AA5694300914B7C /* LaunchScreen.xib */; };
		B72742651AA5694400914B7C /* ZinniaSampleTests.m in Sources */ = {isa = PBXBuildFile; fileRef = B72742641AA5694400914B7C /* ZinniaSampleTests.m */; };
		B727427A1AA56A2200914B7C /* CanvasView.m in Sources */ = {isa = PBXBuildFile; fileRef = B72742791AA56A2200914B7C /* CanvasView.m */; };
		B72742871AA5716000914B7C /* KeyboardViewController.m in Sources */ = {isa = PBXBuildFile; fileRef = B72742861AA5716000914B7C /* KeyboardViewController.m */; };
		B72742901AA571C400914B7C /* KeyboardView.xib in Resources */ = {isa = PBXBuildFile; fileRef = B727428F1AA571C400914B7C /* KeyboardView.xib */; };
		B72742911AA5763C00914B7C /* CanvasView.m in Sources */ = {isa = PBXBuildFile; fileRef = B72742791AA56A2200914B7C /* CanvasView.m */; };
		B72742951AA5791700914B7C /* CharacterCollectionViewCell.m in Sources */ = {isa = PBXBuildFile; fileRef = B72742941AA5791700914B7C /* CharacterCollectionViewCell.m */; };
		B72742971AA57BAC00914B7C /* CharacterCell.xib in Resources */ = {isa = PBXBuildFile; fileRef = B72742961AA57BAC00914B7C /* CharacterCell.xib */; };
		B730BF5F1AA87C82004C9583 /* Acknowledgements.rtf in Resources */ = {isa = PBXBuildFile; fileRef = B730BF5E1AA87C82004C9583 /* Acknowledgements.rtf */; };
		B79E2CF61AA82712005AD814 /* kanjiDict.txt in Resources */ = {isa = PBXBuildFile; fileRef = B79E2CF41AA82712005AD814 /* kanjiDict.txt */; };
		B79E2CF71AA82712005AD814 /* wordsDict.txt in Resources */ = {isa = PBXBuildFile; fileRef = B79E2CF51AA82712005AD814 /* wordsDict.txt */; };
		B7BA682A1AA6D92E00C79273 /* WordsTableViewController.m in Sources */ = {isa = PBXBuildFile; fileRef = B7BA68291AA6D92E00C79273 /* WordsTableViewController.m */; };
		B7BA68321AA6EABB00C79273 /* top1000Words.txt in Resources */ = {isa = PBXBuildFile; fileRef = B7BA68311AA6EABB00C79273 /* top1000Words.txt */; };
		B7BA68351AA6ECC200C79273 /* AcknowledgementsViewController.m in Sources */ = {isa = PBXBuildFile; fileRef = B7BA68341AA6ECC200C79273 /* AcknowledgementsViewController.m */; };
		B7D867FA1AA7EB6100F83CCA /* TappableFuriganaLabel.m in Sources */ = {isa = PBXBuildFile; fileRef = B7D867F91AA7EB6100F83CCA /* TappableFuriganaLabel.m */; };
		B7D867FE1AA7EC2600F83CCA /* KanjiTableViewCell.m in Sources */ = {isa = PBXBuildFile; fileRef = B7D867FD1AA7EC2600F83CCA /* KanjiTableViewCell.m */; };
/* End PBXBuildFile section */

/* Begin PBXContainerItemProxy section */
		B727425F1AA5694400914B7C /* PBXContainerItemProxy */ = {
			isa = PBXContainerItemProxy;
			containerPortal = B727423D1AA5694300914B7C /* Project object */;
			proxyType = 1;
			remoteGlobalIDString = B72742441AA5694300914B7C;
			remoteInfo = ZinniaSample;
		};
		B7AA39511AAD35030088EF94 /* PBXContainerItemProxy */ = {
			isa = PBXContainerItemProxy;
			containerPortal = B7AA394C1AAD35030088EF94 /* ZinniaCocoaTouch.xcodeproj */;
			proxyType = 2;
			remoteGlobalIDString = B72741D41AA5643900914B7C;
			remoteInfo = ZinniaCocoaTouch;
		};
		B7AA39531AAD35030088EF94 /* PBXContainerItemProxy */ = {
			isa = PBXContainerItemProxy;
			containerPortal = B7AA394C1AAD35030088EF94 /* ZinniaCocoaTouch.xcodeproj */;
			proxyType = 2;
			remoteGlobalIDString = B72741DF1AA5643900914B7C;
			remoteInfo = ZinniaCocoaTouchTests;
		};
		B7AA39551AAD35160088EF94 /* PBXContainerItemProxy */ = {
			isa = PBXContainerItemProxy;
			containerPortal = B7AA394C1AAD35030088EF94 /* ZinniaCocoaTouch.xcodeproj */;
			proxyType = 1;
			remoteGlobalIDString = B72741D31AA5643900914B7C;
			remoteInfo = ZinniaCocoaTouch;
		};
/* End PBXContainerItemProxy section */

/* Begin PBXCopyFilesBuildPhase section */
		B727429B1AA583D600914B7C /* CopyFiles */ = {
			isa = PBXCopyFilesBuildPhase;
			buildActionMask = 2147483647;
			dstPath = "";
			dstSubfolderSpec = 10;
			files = (
			);
			runOnlyForDeploymentPostprocessing = 0;
		};
		B77DABC81AA5DD740022E475 /* CopyFiles */ = {
			isa = PBXCopyFilesBuildPhase;
			buildActionMask = 2147483647;
			dstPath = "";
			dstSubfolderSpec = 10;
			files = (
			);
			runOnlyForDeploymentPostprocessing = 0;
		};
/* End PBXCopyFilesBuildPhase section */

/* Begin PBXFileReference section */
		B72588871AA97DD300BD42F7 /* ja */ = {isa = PBXFileReference; lastKnownFileType = text.plist.strings; name = ja; path = ja.lproj/Main.strings; sourceTree = "<group>"; };
		B72588881AA97DD300BD42F7 /* ja */ = {isa = PBXFileReference; lastKnownFileType = text.plist.strings; name = ja; path = ja.lproj/LaunchScreen.strings; sourceTree = "<group>"; };
		B725888A1AA97DDB00BD42F7 /* de */ = {isa = PBXFileReference; lastKnownFileType = text.plist.strings; name = de; path = de.lproj/Main.strings; sourceTree = "<group>"; };
		B725888B1AA97DDB00BD42F7 /* de */ = {isa = PBXFileReference; lastKnownFileType = text.plist.strings; name = de; path = de.lproj/LaunchScreen.strings; sourceTree = "<group>"; };
		B725888F1AA97ECD00BD42F7 /* de */ = {isa = PBXFileReference; lastKnownFileType = text.plist.strings; name = de; path = de.lproj/InfoPlist.strings; sourceTree = "<group>"; };
		B72588941AA97ECD00BD42F7 /* de */ = {isa = PBXFileReference; lastKnownFileType = text.plist.strings; name = de; path = de.lproj/Localizable.strings; sourceTree = "<group>"; };
		B72588991AA97ECD00BD42F7 /* de */ = {isa = PBXFileReference; lastKnownFileType = text.plist.strings; name = de; path = de.lproj/InfoPlist.strings; sourceTree = "<group>"; };
		B725889E1AA97ECE00BD42F7 /* de */ = {isa = PBXFileReference; lastKnownFileType = text.plist.strings; name = de; path = de.lproj/InfoPlist.strings; sourceTree = "<group>"; };
		B72588A01AA9899900BD42F7 /* ja */ = {isa = PBXFileReference; lastKnownFileType = text.plist.strings; name = ja; path = ja.lproj/InfoPlist.strings; sourceTree = "<group>"; };
		B72588A11AA9899900BD42F7 /* ja */ = {isa = PBXFileReference; lastKnownFileType = text.plist.strings; name = ja; path = ja.lproj/Localizable.strings; sourceTree = "<group>"; };
		B72588A21AA9899A00BD42F7 /* ja */ = {isa = PBXFileReference; lastKnownFileType = text.plist.strings; name = ja; path = ja.lproj/InfoPlist.strings; sourceTree = "<group>"; };
		B72588A31AA9899A00BD42F7 /* ja */ = {isa = PBXFileReference; lastKnownFileType = text.plist.strings; name = ja; path = ja.lproj/InfoPlist.strings; sourceTree = "<group>"; };
		B72742451AA5694300914B7C /* KanjiLookup.app */ = {isa = PBXFileReference; explicitFileType = wrapper.application; includeInIndex = 0; path = KanjiLookup.app; sourceTree = BUILT_PRODUCTS_DIR; };
		B72742491AA5694300914B7C /* Info.plist */ = {isa = PBXFileReference; lastKnownFileType = text.plist.xml; path = Info.plist; sourceTree = "<group>"; };
		B727424A1AA5694300914B7C /* main.m */ = {isa = PBXFileReference; lastKnownFileType = sourcecode.c.objc; path = main.m; sourceTree = "<group>"; };
		B727424C1AA5694300914B7C /* AppDelegate.h */ = {isa = PBXFileReference; lastKnownFileType = sourcecode.c.h; path = AppDelegate.h; sourceTree = "<group>"; };
		B727424D1AA5694300914B7C /* AppDelegate.m */ = {isa = PBXFileReference; lastKnownFileType = sourcecode.c.objc; path = AppDelegate.m; sourceTree = "<group>"; };
		B727424F1AA5694300914B7C /* ViewController.h */ = {isa = PBXFileReference; lastKnownFileType = sourcecode.c.h; path = ViewController.h; sourceTree = "<group>"; };
		B72742501AA5694300914B7C /* ViewController.m */ = {isa = PBXFileReference; lastKnownFileType = sourcecode.c.objc; path = ViewController.m; sourceTree = "<group>"; };
		B72742531AA5694300914B7C /* Base */ = {isa = PBXFileReference; lastKnownFileType = file.storyboard; name = Base; path = Base.lproj/Main.storyboard; sourceTree = "<group>"; };
		B72742551AA5694300914B7C /* Images.xcassets */ = {isa = PBXFileReference; lastKnownFileType = folder.assetcatalog; path = Images.xcassets; sourceTree = "<group>"; };
		B72742581AA5694300914B7C /* Base */ = {isa = PBXFileReference; lastKnownFileType = file.xib; name = Base; path = Base.lproj/LaunchScreen.xib; sourceTree = "<group>"; };
		B727425E1AA5694400914B7C /* KanjiLookupTests.xctest */ = {isa = PBXFileReference; explicitFileType = wrapper.cfbundle; includeInIndex = 0; path = KanjiLookupTests.xctest; sourceTree = BUILT_PRODUCTS_DIR; };
		B72742631AA5694400914B7C /* Info.plist */ = {isa = PBXFileReference; lastKnownFileType = text.plist.xml; path = Info.plist; sourceTree = "<group>"; };
		B72742641AA5694400914B7C /* ZinniaSampleTests.m */ = {isa = PBXFileReference; lastKnownFileType = sourcecode.c.objc; path = ZinniaSampleTests.m; sourceTree = "<group>"; };
		B72742781AA56A2200914B7C /* CanvasView.h */ = {isa = PBXFileReference; fileEncoding = 4; lastKnownFileType = sourcecode.c.h; path = CanvasView.h; sourceTree = "<group>"; };
		B72742791AA56A2200914B7C /* CanvasView.m */ = {isa = PBXFileReference; fileEncoding = 4; lastKnownFileType = sourcecode.c.objc; path = CanvasView.m; sourceTree = "<group>"; };
		B72742811AA5716000914B7C /* HandwritingKeyboard.appex */ = {isa = PBXFileReference; explicitFileType = "wrapper.app-extension"; includeInIndex = 0; path = HandwritingKeyboard.appex; sourceTree = BUILT_PRODUCTS_DIR; };
		B72742841AA5716000914B7C /* Info.plist */ = {isa = PBXFileReference; lastKnownFileType = text.plist.xml; path = Info.plist; sourceTree = "<group>"; };
		B72742851AA5716000914B7C /* KeyboardViewController.h */ = {isa = PBXFileReference; lastKnownFileType = sourcecode.c.h; path = KeyboardViewController.h; sourceTree = "<group>"; };
		B72742861AA5716000914B7C /* KeyboardViewController.m */ = {isa = PBXFileReference; lastKnownFileType = sourcecode.c.objc; path = KeyboardViewController.m; sourceTree = "<group>"; };
		B727428F1AA571C400914B7C /* KeyboardView.xib */ = {isa = PBXFileReference; fileEncoding = 4; lastKnownFileType = file.xib; path = KeyboardView.xib; sourceTree = "<group>"; };
		B72742931AA5791700914B7C /* CharacterCollectionViewCell.h */ = {isa = PBXFileReference; fileEncoding = 4; lastKnownFileType = sourcecode.c.h; path = CharacterCollectionViewCell.h; sourceTree = "<group>"; };
		B72742941AA5791700914B7C /* CharacterCollectionViewCell.m */ = {isa = PBXFileReference; fileEncoding = 4; lastKnownFileType = sourcecode.c.objc; path = CharacterCollectionViewCell.m; sourceTree = "<group>"; };
		B72742961AA57BAC00914B7C /* CharacterCell.xib */ = {isa = PBXFileReference; fileEncoding = 4; lastKnownFileType = file.xib; path = CharacterCell.xib; sourceTree = "<group>"; };
		B730BF5E1AA87C82004C9583 /* Acknowledgements.rtf */ = {isa = PBXFileReference; fileEncoding = 4; lastKnownFileType = text.rtf; path = Acknowledgements.rtf; sourceTree = "<group>"; };
		B79E2CF41AA82712005AD814 /* kanjiDict.txt */ = {isa = PBXFileReference; fileEncoding = 4; lastKnownFileType = text; path = kanjiDict.txt; sourceTree = "<group>"; };
		B79E2CF51AA82712005AD814 /* wordsDict.txt */ = {isa = PBXFileReference; fileEncoding = 4; lastKnownFileType = text; path = wordsDict.txt; sourceTree = "<group>"; };
		B7AA394C1AAD35030088EF94 /* ZinniaCocoaTouch.xcodeproj */ = {isa = PBXFileReference; lastKnownFileType = "wrapper.pb-project"; name = ZinniaCocoaTouch.xcodeproj; path = "iOS-Zinnia-Japanese-Handwriting-Input/ZinniaCocoaTouch.xcodeproj"; sourceTree = SOURCE_ROOT; };
		B7BA68281AA6D92E00C79273 /* WordsTableViewController.h */ = {isa = PBXFileReference; fileEncoding = 4; lastKnownFileType = sourcecode.c.h; path = WordsTableViewController.h; sourceTree = "<group>"; };
		B7BA68291AA6D92E00C79273 /* WordsTableViewController.m */ = {isa = PBXFileReference; fileEncoding = 4; lastKnownFileType = sourcecode.c.objc; path = WordsTableViewController.m; sourceTree = "<group>"; };
		B7BA68311AA6EABB00C79273 /* top1000Words.txt */ = {isa = PBXFileReference; fileEncoding = 4; lastKnownFileType = text; path = top1000Words.txt; sourceTree = "<group>"; };
		B7BA68331AA6ECC200C79273 /* AcknowledgementsViewController.h */ = {isa = PBXFileReference; fileEncoding = 4; lastKnownFileType = sourcecode.c.h; path = AcknowledgementsViewController.h; sourceTree = "<group>"; };
		B7BA68341AA6ECC200C79273 /* AcknowledgementsViewController.m */ = {isa = PBXFileReference; fileEncoding = 4; lastKnownFileType = sourcecode.c.objc; path = AcknowledgementsViewController.m; sourceTree = "<group>"; };
		B7D867F81AA7EB6100F83CCA /* TappableFuriganaLabel.h */ = {isa = PBXFileReference; fileEncoding = 4; lastKnownFileType = sourcecode.c.h; path = TappableFuriganaLabel.h; sourceTree = "<group>"; };
		B7D867F91AA7EB6100F83CCA /* TappableFuriganaLabel.m */ = {isa = PBXFileReference; fileEncoding = 4; lastKnownFileType = sourcecode.c.objc; path = TappableFuriganaLabel.m; sourceTree = "<group>"; };
		B7D867FC1AA7EC2600F83CCA /* KanjiTableViewCell.h */ = {isa = PBXFileReference; fileEncoding = 4; lastKnownFileType = sourcecode.c.h; path = KanjiTableViewCell.h; sourceTree = "<group>"; };
		B7D867FD1AA7EC2600F83CCA /* KanjiTableViewCell.m */ = {isa = PBXFileReference; fileEncoding = 4; lastKnownFileType = sourcecode.c.objc; path = KanjiTableViewCell.m; sourceTree = "<group>"; };
/* End PBXFileReference section */

/* Begin PBXFrameworksBuildPhase section */
		B72742421AA5694300914B7C /* Frameworks */ = {
			isa = PBXFrameworksBuildPhase;
			buildActionMask = 2147483647;
			files = (
			);
			runOnlyForDeploymentPostprocessing = 0;
		};
		B727425B1AA5694400914B7C /* Frameworks */ = {
			isa = PBXFrameworksBuildPhase;
			buildActionMask = 2147483647;
			files = (
			);
			runOnlyForDeploymentPostprocessing = 0;
		};
		B727427E1AA5716000914B7C /* Frameworks */ = {
			isa = PBXFrameworksBuildPhase;
			buildActionMask = 2147483647;
			files = (
			);
			runOnlyForDeploymentPostprocessing = 0;
		};
/* End PBXFrameworksBuildPhase section */

/* Begin PBXGroup section */
		B727423C1AA5694300914B7C = {
			isa = PBXGroup;
			children = (
				B72742471AA5694300914B7C /* ZinniaSample */,
				B72742611AA5694400914B7C /* ZinniaSampleTests */,
				B72742821AA5716000914B7C /* HandwritingKeyboard */,
				B72742461AA5694300914B7C /* Products */,
			);
			sourceTree = "<group>";
		};
		B72742461AA5694300914B7C /* Products */ = {
			isa = PBXGroup;
			children = (
				B72742451AA5694300914B7C /* KanjiLookup.app */,
				B727425E1AA5694400914B7C /* KanjiLookupTests.xctest */,
				B72742811AA5716000914B7C /* HandwritingKeyboard.appex */,
			);
			name = Products;
			sourceTree = "<group>";
		};
		B72742471AA5694300914B7C /* ZinniaSample */ = {
			isa = PBXGroup;
			children = (
				B727424C1AA5694300914B7C /* AppDelegate.h */,
				B727424D1AA5694300914B7C /* AppDelegate.m */,
				B727424F1AA5694300914B7C /* ViewController.h */,
				B72742501AA5694300914B7C /* ViewController.m */,
				B72742781AA56A2200914B7C /* CanvasView.h */,
				B72742791AA56A2200914B7C /* CanvasView.m */,
				B72742521AA5694300914B7C /* Main.storyboard */,
				B7D867FC1AA7EC2600F83CCA /* KanjiTableViewCell.h */,
				B7D867FD1AA7EC2600F83CCA /* KanjiTableViewCell.m */,
				B7D867F81AA7EB6100F83CCA /* TappableFuriganaLabel.h */,
				B7D867F91AA7EB6100F83CCA /* TappableFuriganaLabel.m */,
				B7BA68331AA6ECC200C79273 /* AcknowledgementsViewController.h */,
				B7BA68341AA6ECC200C79273 /* AcknowledgementsViewController.m */,
				B7BA68281AA6D92E00C79273 /* WordsTableViewController.h */,
				B7BA68291AA6D92E00C79273 /* WordsTableViewController.m */,
				B72742551AA5694300914B7C /* Images.xcassets */,
				B72742571AA5694300914B7C /* LaunchScreen.xib */,
				B72742481AA5694300914B7C /* Supporting Files */,
			);
			path = ZinniaSample;
			sourceTree = "<group>";
		};
		B72742481AA5694300914B7C /* Supporting Files */ = {
			isa = PBXGroup;
			children = (
				B7AA394C1AAD35030088EF94 /* ZinniaCocoaTouch.xcodeproj */,
				B725889A1AA97ECD00BD42F7 /* InfoPlist.strings */,
				B72588951AA97ECD00BD42F7 /* Localizable.strings */,
				B730BF5E1AA87C82004C9583 /* Acknowledgements.rtf */,
				B79E2CF41AA82712005AD814 /* kanjiDict.txt */,
				B79E2CF51AA82712005AD814 /* wordsDict.txt */,
				B72742491AA5694300914B7C /* Info.plist */,
				B727424A1AA5694300914B7C /* main.m */,
			);
			name = "Supporting Files";
			sourceTree = "<group>";
		};
		B72742611AA5694400914B7C /* ZinniaSampleTests */ = {
			isa = PBXGroup;
			children = (
				B72742641AA5694400914B7C /* ZinniaSampleTests.m */,
				B72742621AA5694400914B7C /* Supporting Files */,
			);
			path = ZinniaSampleTests;
			sourceTree = "<group>";
		};
		B72742621AA5694400914B7C /* Supporting Files */ = {
			isa = PBXGroup;
			children = (
				B72588901AA97ECD00BD42F7 /* InfoPlist.strings */,
				B72742631AA5694400914B7C /* Info.plist */,
			);
			name = "Supporting Files";
			sourceTree = "<group>";
		};
		B72742821AA5716000914B7C /* HandwritingKeyboard */ = {
			isa = PBXGroup;
			children = (
				B72742851AA5716000914B7C /* KeyboardViewController.h */,
				B72742861AA5716000914B7C /* KeyboardViewController.m */,
				B72742831AA5716000914B7C /* Supporting Files */,
				B727428F1AA571C400914B7C /* KeyboardView.xib */,
				B72742961AA57BAC00914B7C /* CharacterCell.xib */,
				B72742931AA5791700914B7C /* CharacterCollectionViewCell.h */,
				B72742941AA5791700914B7C /* CharacterCollectionViewCell.m */,
			);
			path = HandwritingKeyboard;
			sourceTree = "<group>";
		};
		B72742831AA5716000914B7C /* Supporting Files */ = {
			isa = PBXGroup;
			children = (
				B725889F1AA97ECE00BD42F7 /* InfoPlist.strings */,
				B7BA68311AA6EABB00C79273 /* top1000Words.txt */,
				B72742841AA5716000914B7C /* Info.plist */,
			);
			name = "Supporting Files";
			sourceTree = "<group>";
		};
		B7AA394D1AAD35030088EF94 /* Products */ = {
			isa = PBXGroup;
			children = (
				B7AA39521AAD35030088EF94 /* ZinniaCocoaTouch.framework */,
				B7AA39541AAD35030088EF94 /* ZinniaCocoaTouchTests.xctest */,
			);
			name = Products;
			sourceTree = "<group>";
		};
/* End PBXGroup section */

/* Begin PBXNativeTarget section */
		B72742441AA5694300914B7C /* KanjiLookup */ = {
			isa = PBXNativeTarget;
			buildConfigurationList = B72742681AA5694400914B7C /* Build configuration list for PBXNativeTarget "KanjiLookup" */;
			buildPhases = (
				B72742411AA5694300914B7C /* Sources */,
				B72742421AA5694300914B7C /* Frameworks */,
				B72742431AA5694300914B7C /* Resources */,
				B77DABC81AA5DD740022E475 /* CopyFiles */,
			);
			buildRules = (
			);
			dependencies = (
				B7AA39561AAD35160088EF94 /* PBXTargetDependency */,
			);
			name = KanjiLookup;
			productName = ZinniaSample;
			productReference = B72742451AA5694300914B7C /* KanjiLookup.app */;
			productType = "com.apple.product-type.application";
		};
		B727425D1AA5694400914B7C /* KanjiLookupTests */ = {
			isa = PBXNativeTarget;
			buildConfigurationList = B727426B1AA5694400914B7C /* Build configuration list for PBXNativeTarget "KanjiLookupTests" */;
			buildPhases = (
				B727425A1AA5694400914B7C /* Sources */,
				B727425B1AA5694400914B7C /* Frameworks */,
				B727425C1AA5694400914B7C /* Resources */,
			);
			buildRules = (
			);
			dependencies = (
				B72742601AA5694400914B7C /* PBXTargetDependency */,
			);
			name = KanjiLookupTests;
			productName = ZinniaSampleTests;
			productReference = B727425E1AA5694400914B7C /* KanjiLookupTests.xctest */;
			productType = "com.apple.product-type.bundle.unit-test";
		};
		B72742801AA5716000914B7C /* HandwritingKeyboard */ = {
			isa = PBXNativeTarget;
			buildConfigurationList = B727428C1AA5716000914B7C /* Build configuration list for PBXNativeTarget "HandwritingKeyboard" */;
			buildPhases = (
				B727427D1AA5716000914B7C /* Sources */,
				B727427E1AA5716000914B7C /* Frameworks */,
				B727427F1AA5716000914B7C /* Resources */,
				B727429B1AA583D600914B7C /* CopyFiles */,
			);
			buildRules = (
			);
			dependencies = (
			);
			name = HandwritingKeyboard;
			productName = HandwritingKeyboard;
			productReference = B72742811AA5716000914B7C /* HandwritingKeyboard.appex */;
			productType = "com.apple.product-type.app-extension";
		};
/* End PBXNativeTarget section */

/* Begin PBXProject section */
		B727423D1AA5694300914B7C /* Project object */ = {
			isa = PBXProject;
			attributes = {
				LastUpgradeCheck = 0620;
				ORGANIZATIONNAME = "Morten Bertz";
				TargetAttributes = {
					B72742441AA5694300914B7C = {
						CreatedOnToolsVersion = 6.2;
						DevelopmentTeam = DVQ96RL2KL;
					};
					B727425D1AA5694400914B7C = {
						CreatedOnToolsVersion = 6.2;
						TestTargetID = B72742441AA5694300914B7C;
					};
					B72742801AA5716000914B7C = {
						CreatedOnToolsVersion = 6.2;
						DevelopmentTeam = DVQ96RL2KL;
					};
				};
			};
			buildConfigurationList = B72742401AA5694300914B7C /* Build configuration list for PBXProject "KanjiLookup" */;
			compatibilityVersion = "Xcode 3.2";
			developmentRegion = English;
			hasScannedForEncodings = 0;
			knownRegions = (
				en,
				Base,
			);
			mainGroup = B727423C1AA5694300914B7C;
			productRefGroup = B72742461AA5694300914B7C /* Products */;
			projectDirPath = "";
			projectReferences = (
				{
					ProductGroup = B7AA394D1AAD35030088EF94 /* Products */;
					ProjectRef = B7AA394C1AAD35030088EF94 /* ZinniaCocoaTouch.xcodeproj */;
				},
			);
			projectRoot = "";
			targets = (
				B72742441AA5694300914B7C /* KanjiLookup */,
				B727425D1AA5694400914B7C /* KanjiLookupTests */,
				B72742801AA5716000914B7C /* HandwritingKeyboard */,
			);
		};
/* End PBXProject section */

/* Begin PBXReferenceProxy section */
		B7AA39521AAD35030088EF94 /* ZinniaCocoaTouch.framework */ = {
			isa = PBXReferenceProxy;
			fileType = wrapper.framework;
			path = ZinniaCocoaTouch.framework;
			remoteRef = B7AA39511AAD35030088EF94 /* PBXContainerItemProxy */;
			sourceTree = BUILT_PRODUCTS_DIR;
		};
		B7AA39541AAD35030088EF94 /* ZinniaCocoaTouchTests.xctest */ = {
			isa = PBXReferenceProxy;
			fileType = wrapper.cfbundle;
			path = ZinniaCocoaTouchTests.xctest;
			remoteRef = B7AA39531AAD35030088EF94 /* PBXContainerItemProxy */;
			sourceTree = BUILT_PRODUCTS_DIR;
		};
/* End PBXReferenceProxy section */

/* Begin PBXResourcesBuildPhase section */
		B72742431AA5694300914B7C /* Resources */ = {
			isa = PBXResourcesBuildPhase;
			buildActionMask = 2147483647;
			files = (
				B79E2CF61AA82712005AD814 /* kanjiDict.txt in Resources */,
				B72588981AA97ECD00BD42F7 /* InfoPlist.strings in Resources */,
				B72742541AA5694300914B7C /* Main.storyboard in Resources */,
				B72742591AA5694300914B7C /* LaunchScreen.xib in Resources */,
				B72588931AA97ECD00BD42F7 /* Localizable.strings in Resources */,
				B730BF5F1AA87C82004C9583 /* Acknowledgements.rtf in Resources */,
				B79E2CF71AA82712005AD814 /* wordsDict.txt in Resources */,
				B72742561AA5694300914B7C /* Images.xcassets in Resources */,
			);
			runOnlyForDeploymentPostprocessing = 0;
		};
		B727425C1AA5694400914B7C /* Resources */ = {
			isa = PBXResourcesBuildPhase;
			buildActionMask = 2147483647;
			files = (
				B725888E1AA97ECD00BD42F7 /* InfoPlist.strings in Resources */,
			);
			runOnlyForDeploymentPostprocessing = 0;
		};
		B727427F1AA5716000914B7C /* Resources */ = {
			isa = PBXResourcesBuildPhase;
			buildActionMask = 2147483647;
			files = (
				B72742901AA571C400914B7C /* KeyboardView.xib in Resources */,
				B725889D1AA97ECE00BD42F7 /* InfoPlist.strings in Resources */,
				B72742971AA57BAC00914B7C /* CharacterCell.xib in Resources */,
				B7BA68321AA6EABB00C79273 /* top1000Words.txt in Resources */,
			);
			runOnlyForDeploymentPostprocessing = 0;
		};
/* End PBXResourcesBuildPhase section */

/* Begin PBXSourcesBuildPhase section */
		B72742411AA5694300914B7C /* Sources */ = {
			isa = PBXSourcesBuildPhase;
			buildActionMask = 2147483647;
			files = (
				B7D867FA1AA7EB6100F83CCA /* TappableFuriganaLabel.m in Sources */,
				B7BA68351AA6ECC200C79273 /* AcknowledgementsViewController.m in Sources */,
				B72742511AA5694300914B7C /* ViewController.m in Sources */,
				B727424E1AA5694300914B7C /* AppDelegate.m in Sources */,
				B727427A1AA56A2200914B7C /* CanvasView.m in Sources */,
				B727424B1AA5694300914B7C /* main.m in Sources */,
				B7BA682A1AA6D92E00C79273 /* WordsTableViewController.m in Sources */,
				B7D867FE1AA7EC2600F83CCA /* KanjiTableViewCell.m in Sources */,
			);
			runOnlyForDeploymentPostprocessing = 0;
		};
		B727425A1AA5694400914B7C /* Sources */ = {
			isa = PBXSourcesBuildPhase;
			buildActionMask = 2147483647;
			files = (
				B72742651AA5694400914B7C /* ZinniaSampleTests.m in Sources */,
			);
			runOnlyForDeploymentPostprocessing = 0;
		};
		B727427D1AA5716000914B7C /* Sources */ = {
			isa = PBXSourcesBuildPhase;
			buildActionMask = 2147483647;
			files = (
				B72742951AA5791700914B7C /* CharacterCollectionViewCell.m in Sources */,
				B72742911AA5763C00914B7C /* CanvasView.m in Sources */,
				B72742871AA5716000914B7C /* KeyboardViewController.m in Sources */,
			);
			runOnlyForDeploymentPostprocessing = 0;
		};
/* End PBXSourcesBuildPhase section */

/* Begin PBXTargetDependency section */
		B72742601AA5694400914B7C /* PBXTargetDependency */ = {
			isa = PBXTargetDependency;
			target = B72742441AA5694300914B7C /* KanjiLookup */;
			targetProxy = B727425F1AA5694400914B7C /* PBXContainerItemProxy */;
		};
		B7AA39561AAD35160088EF94 /* PBXTargetDependency */ = {
			isa = PBXTargetDependency;
			name = ZinniaCocoaTouch;
			targetProxy = B7AA39551AAD35160088EF94 /* PBXContainerItemProxy */;
		};
/* End PBXTargetDependency section */

/* Begin PBXVariantGroup section */
		B72588901AA97ECD00BD42F7 /* InfoPlist.strings */ = {
			isa = PBXVariantGroup;
			children = (
				B725888F1AA97ECD00BD42F7 /* de */,
				B72588A01AA9899900BD42F7 /* ja */,
			);
			name = InfoPlist.strings;
			sourceTree = "<group>";
		};
		B72588951AA97ECD00BD42F7 /* Localizable.strings */ = {
			isa = PBXVariantGroup;
			children = (
				B72588941AA97ECD00BD42F7 /* de */,
				B72588A11AA9899900BD42F7 /* ja */,
			);
			name = Localizable.strings;
			sourceTree = "<group>";
		};
		B725889A1AA97ECD00BD42F7 /* InfoPlist.strings */ = {
			isa = PBXVariantGroup;
			children = (
				B72588991AA97ECD00BD42F7 /* de */,
				B72588A21AA9899A00BD42F7 /* ja */,
			);
			name = InfoPlist.strings;
			sourceTree = "<group>";
		};
		B725889F1AA97ECE00BD42F7 /* InfoPlist.strings */ = {
			isa = PBXVariantGroup;
			children = (
				B725889E1AA97ECE00BD42F7 /* de */,
				B72588A31AA9899A00BD42F7 /* ja */,
			);
			name = InfoPlist.strings;
			sourceTree = "<group>";
		};
		B72742521AA5694300914B7C /* Main.storyboard */ = {
			isa = PBXVariantGroup;
			children = (
				B72742531AA5694300914B7C /* Base */,
				B72588871AA97DD300BD42F7 /* ja */,
				B725888A1AA97DDB00BD42F7 /* de */,
			);
			name = Main.storyboard;
			sourceTree = "<group>";
		};
		B72742571AA5694300914B7C /* LaunchScreen.xib */ = {
			isa = PBXVariantGroup;
			children = (
				B72742581AA5694300914B7C /* Base */,
				B72588881AA97DD300BD42F7 /* ja */,
				B725888B1AA97DDB00BD42F7 /* de */,
			);
			name = LaunchScreen.xib;
			sourceTree = "<group>";
		};
/* End PBXVariantGroup section */

/* Begin XCBuildConfiguration section */
		B72742661AA5694400914B7C /* Debug */ = {
			isa = XCBuildConfiguration;
			buildSettings = {
				ALWAYS_SEARCH_USER_PATHS = NO;
				CLANG_CXX_LANGUAGE_STANDARD = "gnu++0x";
				CLANG_CXX_LIBRARY = "libc++";
				CLANG_ENABLE_MODULES = YES;
				CLANG_ENABLE_OBJC_ARC = YES;
				CLANG_WARN_BOOL_CONVERSION = YES;
				CLANG_WARN_CONSTANT_CONVERSION = YES;
				CLANG_WARN_DIRECT_OBJC_ISA_USAGE = YES_ERROR;
				CLANG_WARN_EMPTY_BODY = YES;
				CLANG_WARN_ENUM_CONVERSION = YES;
				CLANG_WARN_INT_CONVERSION = YES;
				CLANG_WARN_OBJC_ROOT_CLASS = YES_ERROR;
				CLANG_WARN_UNREACHABLE_CODE = YES;
				CLANG_WARN__DUPLICATE_METHOD_MATCH = YES;
				"CODE_SIGN_IDENTITY[sdk=iphoneos*]" = "iPhone Developer";
				COPY_PHASE_STRIP = NO;
				ENABLE_STRICT_OBJC_MSGSEND = YES;
				GCC_C_LANGUAGE_STANDARD = gnu99;
				GCC_DYNAMIC_NO_PIC = NO;
				GCC_OPTIMIZATION_LEVEL = 0;
				GCC_PREPROCESSOR_DEFINITIONS = (
					"DEBUG=1",
					"$(inherited)",
				);
				GCC_SYMBOLS_PRIVATE_EXTERN = NO;
				GCC_WARN_64_TO_32_BIT_CONVERSION = YES;
				GCC_WARN_ABOUT_RETURN_TYPE = YES_ERROR;
				GCC_WARN_UNDECLARED_SELECTOR = YES;
				GCC_WARN_UNINITIALIZED_AUTOS = YES_AGGRESSIVE;
				GCC_WARN_UNUSED_FUNCTION = YES;
				GCC_WARN_UNUSED_VARIABLE = YES;
				IPHONEOS_DEPLOYMENT_TARGET = 8.0;
				MTL_ENABLE_DEBUG_INFO = YES;
				ONLY_ACTIVE_ARCH = YES;
				SDKROOT = iphoneos;
				TARGETED_DEVICE_FAMILY = "1,2";
			};
			name = Debug;
		};
		B72742671AA5694400914B7C /* Release */ = {
			isa = XCBuildConfiguration;
			buildSettings = {
				ALWAYS_SEARCH_USER_PATHS = NO;
				CLANG_CXX_LANGUAGE_STANDARD = "gnu++0x";
				CLANG_CXX_LIBRARY = "libc++";
				CLANG_ENABLE_MODULES = YES;
				CLANG_ENABLE_OBJC_ARC = YES;
				CLANG_WARN_BOOL_CONVERSION = YES;
				CLANG_WARN_CONSTANT_CONVERSION = YES;
				CLANG_WARN_DIRECT_OBJC_ISA_USAGE = YES_ERROR;
				CLANG_WARN_EMPTY_BODY = YES;
				CLANG_WARN_ENUM_CONVERSION = YES;
				CLANG_WARN_INT_CONVERSION = YES;
				CLANG_WARN_OBJC_ROOT_CLASS = YES_ERROR;
				CLANG_WARN_UNREACHABLE_CODE = YES;
				CLANG_WARN__DUPLICATE_METHOD_MATCH = YES;
				"CODE_SIGN_IDENTITY[sdk=iphoneos*]" = "iPhone Developer";
				COPY_PHASE_STRIP = NO;
				ENABLE_NS_ASSERTIONS = NO;
				ENABLE_STRICT_OBJC_MSGSEND = YES;
				GCC_C_LANGUAGE_STANDARD = gnu99;
				GCC_WARN_64_TO_32_BIT_CONVERSION = YES;
				GCC_WARN_ABOUT_RETURN_TYPE = YES_ERROR;
				GCC_WARN_UNDECLARED_SELECTOR = YES;
				GCC_WARN_UNINITIALIZED_AUTOS = YES_AGGRESSIVE;
				GCC_WARN_UNUSED_FUNCTION = YES;
				GCC_WARN_UNUSED_VARIABLE = YES;
				IPHONEOS_DEPLOYMENT_TARGET = 8.0;
				MTL_ENABLE_DEBUG_INFO = NO;
				SDKROOT = iphoneos;
				TARGETED_DEVICE_FAMILY = "1,2";
				VALIDATE_PRODUCT = YES;
			};
			name = Release;
		};
		B72742691AA5694400914B7C /* Debug */ = {
			isa = XCBuildConfiguration;
			buildSettings = {
				ASSETCATALOG_COMPILER_APPICON_NAME = AppIcon;
				CODE_SIGN_IDENTITY = "iPhone Developer";
				INFOPLIST_FILE = ZinniaSample/Info.plist;
				IPHONEOS_DEPLOYMENT_TARGET = 8.0;
				LD_RUNPATH_SEARCH_PATHS = "$(inherited) @executable_path/Frameworks";
				PRODUCT_NAME = KanjiLookup;
			};
			name = Debug;
		};
		B727426A1AA5694400914B7C /* Release */ = {
			isa = XCBuildConfiguration;
			buildSettings = {
				ASSETCATALOG_COMPILER_APPICON_NAME = AppIcon;
				CODE_SIGN_IDENTITY = "iPhone Developer";
				INFOPLIST_FILE = ZinniaSample/Info.plist;
				IPHONEOS_DEPLOYMENT_TARGET = 8.0;
				LD_RUNPATH_SEARCH_PATHS = "$(inherited) @executable_path/Frameworks";
				PRODUCT_NAME = KanjiLookup;
			};
			name = Release;
		};
		B727426C1AA5694400914B7C /* Debug */ = {
			isa = XCBuildConfiguration;
			buildSettings = {
				BUNDLE_LOADER = "$(TEST_HOST)";
				FRAMEWORK_SEARCH_PATHS = (
					"$(SDKROOT)/Developer/Library/Frameworks",
					"$(inherited)",
				);
				GCC_PREPROCESSOR_DEFINITIONS = (
					"DEBUG=1",
					"$(inherited)",
				);
				INFOPLIST_FILE = ZinniaSampleTests/Info.plist;
				LD_RUNPATH_SEARCH_PATHS = "$(inherited) @executable_path/Frameworks @loader_path/Frameworks";
				PRODUCT_NAME = KanjiLookupTests;
				TEST_HOST = "$(BUILT_PRODUCTS_DIR)/ZinniaSample.app/ZinniaSample";
			};
			name = Debug;
		};
		B727426D1AA5694400914B7C /* Release */ = {
			isa = XCBuildConfiguration;
			buildSettings = {
				BUNDLE_LOADER = "$(TEST_HOST)";
				FRAMEWORK_SEARCH_PATHS = (
					"$(SDKROOT)/Developer/Library/Frameworks",
					"$(inherited)",
				);
				INFOPLIST_FILE = ZinniaSampleTests/Info.plist;
				LD_RUNPATH_SEARCH_PATHS = "$(inherited) @executable_path/Frameworks @loader_path/Frameworks";
				PRODUCT_NAME = KanjiLookupTests;
				TEST_HOST = "$(BUILT_PRODUCTS_DIR)/ZinniaSample.app/ZinniaSample";
			};
			name = Release;
		};
		B727428D1AA5716000914B7C /* Debug */ = {
			isa = XCBuildConfiguration;
			buildSettings = {
				CODE_SIGN_IDENTITY = "iPhone Developer";
				GCC_PREPROCESSOR_DEFINITIONS = (
					"DEBUG=1",
					"$(inherited)",
				);
				INFOPLIST_FILE = HandwritingKeyboard/Info.plist;
				LD_RUNPATH_SEARCH_PATHS = "$(inherited) @executable_path/Frameworks @executable_path/../../Frameworks";
				PRODUCT_NAME = "$(TARGET_NAME)";
				SKIP_INSTALL = YES;
				TARGETED_DEVICE_FAMILY = 1;
			};
			name = Debug;
		};
		B727428E1AA5716000914B7C /* Release */ = {
			isa = XCBuildConfiguration;
			buildSettings = {
				CODE_SIGN_IDENTITY = "iPhone Developer";
				INFOPLIST_FILE = HandwritingKeyboard/Info.plist;
				LD_RUNPATH_SEARCH_PATHS = "$(inherited) @executable_path/Frameworks @executable_path/../../Frameworks";
				PRODUCT_NAME = "$(TARGET_NAME)";
				SKIP_INSTALL = YES;
				TARGETED_DEVICE_FAMILY = 1;
			};
			name = Release;
		};
/* End XCBuildConfiguration section */

/* Begin XCConfigurationList section */
		B72742401AA5694300914B7C /* Build configuration list for PBXProject "KanjiLookup" */ = {
			isa = XCConfigurationList;
			buildConfigurations = (
				B72742661AA5694400914B7C /* Debug */,
				B72742671AA5694400914B7C /* Release */,
			);
			defaultConfigurationIsVisible = 0;
			defaultConfigurationName = Release;
		};
		B72742681AA5694400914B7C /* Build configuration list for PBXNativeTarget "KanjiLookup" */ = {
			isa = XCConfigurationList;
			buildConfigurations = (
				B72742691AA5694400914B7C /* Debug */,
				B727426A1AA5694400914B7C /* Release */,
			);
			defaultConfigurationIsVisible = 0;
			defaultConfigurationName = Release;
		};
		B727426B1AA5694400914B7C /* Build configuration list for PBXNativeTarget "KanjiLookupTests" */ = {
			isa = XCConfigurationList;
			buildConfigurations = (
				B727426C1AA5694400914B7C /* Debug */,
				B727426D1AA5694400914B7C /* Release */,
			);
			defaultConfigurationIsVisible = 0;
			defaultConfigurationName = Release;
		};
		B727428C1AA5716000914B7C /* Build configuration list for PBXNativeTarget "HandwritingKeyboard" */ = {
			isa = XCConfigurationList;
			buildConfigurations = (
				B727428D1AA5716000914B7C /* Debug */,
				B727428E1AA5716000914B7C /* Release */,
			);
			defaultConfigurationIsVisible = 0;
			defaultConfigurationName = Release;
		};
/* End XCConfigurationList section */
	};
	rootObject = B727423D1AA5694300914B7C /* Project object */;
}
